// !$*UTF8*$!
{
	archiveVersion = 1;
	classes = {
	};
	objectVersion = 50;
	objects = {

/* Begin PBXBuildFile section */
		9B477E0323561D1800E431F5 /* AppDelegate.swift in Sources */ = {isa = PBXBuildFile; fileRef = 9B477E0223561D1800E431F5 /* AppDelegate.swift */; };
		9B477E0523561D1800E431F5 /* ViewController.swift in Sources */ = {isa = PBXBuildFile; fileRef = 9B477E0423561D1800E431F5 /* ViewController.swift */; };
		9B477E0823561D1800E431F5 /* Main.storyboard in Resources */ = {isa = PBXBuildFile; fileRef = 9B477E0623561D1800E431F5 /* Main.storyboard */; };
		9B477E0A23561D1800E431F5 /* Assets.xcassets in Resources */ = {isa = PBXBuildFile; fileRef = 9B477E0923561D1800E431F5 /* Assets.xcassets */; };
		9B477E0D23561D1800E431F5 /* LaunchScreen.storyboard in Resources */ = {isa = PBXBuildFile; fileRef = 9B477E0B23561D1800E431F5 /* LaunchScreen.storyboard */; };
		9B477E1223561D1800E431F5 /* WatchKitDemo-F19 WatchKit App.app in Embed Watch Content */ = {isa = PBXBuildFile; fileRef = 9B477E1123561D1800E431F5 /* WatchKitDemo-F19 WatchKit App.app */; };
		9B477E1823561D1800E431F5 /* Interface.storyboard in Resources */ = {isa = PBXBuildFile; fileRef = 9B477E1623561D1800E431F5 /* Interface.storyboard */; };
		9B477E1A23561D1800E431F5 /* Assets.xcassets in Resources */ = {isa = PBXBuildFile; fileRef = 9B477E1923561D1800E431F5 /* Assets.xcassets */; };
		9B477E2123561D1900E431F5 /* WatchKitDemo-F19 WatchKit Extension.appex in Embed App Extensions */ = {isa = PBXBuildFile; fileRef = 9B477E2023561D1900E431F5 /* WatchKitDemo-F19 WatchKit Extension.appex */; settings = {ATTRIBUTES = (RemoveHeadersOnCopy, ); }; };
		9B477E2623561D1900E431F5 /* InterfaceController.swift in Sources */ = {isa = PBXBuildFile; fileRef = 9B477E2523561D1900E431F5 /* InterfaceController.swift */; };
		9B477E2823561D1900E431F5 /* ExtensionDelegate.swift in Sources */ = {isa = PBXBuildFile; fileRef = 9B477E2723561D1900E431F5 /* ExtensionDelegate.swift */; };
		9B477E2A23561D1900E431F5 /* Assets.xcassets in Resources */ = {isa = PBXBuildFile; fileRef = 9B477E2923561D1900E431F5 /* Assets.xcassets */; };
		B1A50F212356290E00CB6803 /* Page2Interface.swift in Sources */ = {isa = PBXBuildFile; fileRef = B1A50F202356290E00CB6803 /* Page2Interface.swift */; };
/* End PBXBuildFile section */

/* Begin PBXContainerItemProxy section */
		9B477E1323561D1800E431F5 /* PBXContainerItemProxy */ = {
			isa = PBXContainerItemProxy;
			containerPortal = 9B477DF723561D1800E431F5 /* Project object */;
			proxyType = 1;
			remoteGlobalIDString = 9B477E1023561D1800E431F5;
			remoteInfo = "WatchKitDemo-F19 WatchKit App";
		};
		9B477E2223561D1900E431F5 /* PBXContainerItemProxy */ = {
			isa = PBXContainerItemProxy;
			containerPortal = 9B477DF723561D1800E431F5 /* Project object */;
			proxyType = 1;
			remoteGlobalIDString = 9B477E1F23561D1900E431F5;
			remoteInfo = "WatchKitDemo-F19 WatchKit Extension";
		};
/* End PBXContainerItemProxy section */

/* Begin PBXCopyFilesBuildPhase section */
		9B477E3123561D1900E431F5 /* Embed App Extensions */ = {
			isa = PBXCopyFilesBuildPhase;
			buildActionMask = 2147483647;
			dstPath = "";
			dstSubfolderSpec = 13;
			files = (
				9B477E2123561D1900E431F5 /* WatchKitDemo-F19 WatchKit Extension.appex in Embed App Extensions */,
			);
			name = "Embed App Extensions";
			runOnlyForDeploymentPostprocessing = 0;
		};
		9B477E3523561D1900E431F5 /* Embed Watch Content */ = {
			isa = PBXCopyFilesBuildPhase;
			buildActionMask = 2147483647;
			dstPath = "$(CONTENTS_FOLDER_PATH)/Watch";
			dstSubfolderSpec = 16;
			files = (
				9B477E1223561D1800E431F5 /* WatchKitDemo-F19 WatchKit App.app in Embed Watch Content */,
			);
			name = "Embed Watch Content";
			runOnlyForDeploymentPostprocessing = 0;
		};
/* End PBXCopyFilesBuildPhase section */

/* Begin PBXFileReference section */
		9B477DFF23561D1800E431F5 /* WatchKitDemo-F19.app */ = {isa = PBXFileReference; explicitFileType = wrapper.application; includeInIndex = 0; path = "WatchKitDemo-F19.app"; sourceTree = BUILT_PRODUCTS_DIR; };
		9B477E0223561D1800E431F5 /* AppDelegate.swift */ = {isa = PBXFileReference; lastKnownFileType = sourcecode.swift; path = AppDelegate.swift; sourceTree = "<group>"; };
		9B477E0423561D1800E431F5 /* ViewController.swift */ = {isa = PBXFileReference; lastKnownFileType = sourcecode.swift; path = ViewController.swift; sourceTree = "<group>"; };
		9B477E0723561D1800E431F5 /* Base */ = {isa = PBXFileReference; lastKnownFileType = file.storyboard; name = Base; path = Base.lproj/Main.storyboard; sourceTree = "<group>"; };
		9B477E0923561D1800E431F5 /* Assets.xcassets */ = {isa = PBXFileReference; lastKnownFileType = folder.assetcatalog; path = Assets.xcassets; sourceTree = "<group>"; };
		9B477E0C23561D1800E431F5 /* Base */ = {isa = PBXFileReference; lastKnownFileType = file.storyboard; name = Base; path = Base.lproj/LaunchScreen.storyboard; sourceTree = "<group>"; };
		9B477E0E23561D1800E431F5 /* Info.plist */ = {isa = PBXFileReference; lastKnownFileType = text.plist.xml; path = Info.plist; sourceTree = "<group>"; };
		9B477E1123561D1800E431F5 /* WatchKitDemo-F19 WatchKit App.app */ = {isa = PBXFileReference; explicitFileType = wrapper.application; includeInIndex = 0; path = "WatchKitDemo-F19 WatchKit App.app"; sourceTree = BUILT_PRODUCTS_DIR; };
		9B477E1723561D1800E431F5 /* Base */ = {isa = PBXFileReference; lastKnownFileType = file.storyboard; name = Base; path = Base.lproj/Interface.storyboard; sourceTree = "<group>"; };
		9B477E1923561D1800E431F5 /* Assets.xcassets */ = {isa = PBXFileReference; lastKnownFileType = folder.assetcatalog; path = Assets.xcassets; sourceTree = "<group>"; };
		9B477E1B23561D1800E431F5 /* Info.plist */ = {isa = PBXFileReference; lastKnownFileType = text.plist.xml; path = Info.plist; sourceTree = "<group>"; };
		9B477E2023561D1900E431F5 /* WatchKitDemo-F19 WatchKit Extension.appex */ = {isa = PBXFileReference; explicitFileType = "wrapper.app-extension"; includeInIndex = 0; path = "WatchKitDemo-F19 WatchKit Extension.appex"; sourceTree = BUILT_PRODUCTS_DIR; };
		9B477E2523561D1900E431F5 /* InterfaceController.swift */ = {isa = PBXFileReference; lastKnownFileType = sourcecode.swift; path = InterfaceController.swift; sourceTree = "<group>"; };
		9B477E2723561D1900E431F5 /* ExtensionDelegate.swift */ = {isa = PBXFileReference; lastKnownFileType = sourcecode.swift; path = ExtensionDelegate.swift; sourceTree = "<group>"; };
		9B477E2923561D1900E431F5 /* Assets.xcassets */ = {isa = PBXFileReference; lastKnownFileType = folder.assetcatalog; path = Assets.xcassets; sourceTree = "<group>"; };
		9B477E2B23561D1900E431F5 /* Info.plist */ = {isa = PBXFileReference; lastKnownFileType = text.plist.xml; path = Info.plist; sourceTree = "<group>"; };
		B1A50F202356290E00CB6803 /* Page2Interface.swift */ = {isa = PBXFileReference; lastKnownFileType = sourcecode.swift; path = Page2Interface.swift; sourceTree = "<group>"; };
/* End PBXFileReference section */

/* Begin PBXFrameworksBuildPhase section */
		9B477DFC23561D1800E431F5 /* Frameworks */ = {
			isa = PBXFrameworksBuildPhase;
			buildActionMask = 2147483647;
			files = (
			);
			runOnlyForDeploymentPostprocessing = 0;
		};
		9B477E1D23561D1900E431F5 /* Frameworks */ = {
			isa = PBXFrameworksBuildPhase;
			buildActionMask = 2147483647;
			files = (
			);
			runOnlyForDeploymentPostprocessing = 0;
		};
/* End PBXFrameworksBuildPhase section */

/* Begin PBXGroup section */
		9B477DF623561D1800E431F5 = {
			isa = PBXGroup;
			children = (
				9B477E0123561D1800E431F5 /* WatchKitDemo-F19 */,
				9B477E1523561D1800E431F5 /* WatchKitDemo-F19 WatchKit App */,
				9B477E2423561D1900E431F5 /* WatchKitDemo-F19 WatchKit Extension */,
				9B477E0023561D1800E431F5 /* Products */,
			);
			sourceTree = "<group>";
		};
		9B477E0023561D1800E431F5 /* Products */ = {
			isa = PBXGroup;
			children = (
				9B477DFF23561D1800E431F5 /* WatchKitDemo-F19.app */,
				9B477E1123561D1800E431F5 /* WatchKitDemo-F19 WatchKit App.app */,
				9B477E2023561D1900E431F5 /* WatchKitDemo-F19 WatchKit Extension.appex */,
			);
			name = Products;
			sourceTree = "<group>";
		};
		9B477E0123561D1800E431F5 /* WatchKitDemo-F19 */ = {
			isa = PBXGroup;
			children = (
				9B477E0223561D1800E431F5 /* AppDelegate.swift */,
				9B477E0423561D1800E431F5 /* ViewController.swift */,
				9B477E0623561D1800E431F5 /* Main.storyboard */,
				9B477E0923561D1800E431F5 /* Assets.xcassets */,
				9B477E0B23561D1800E431F5 /* LaunchScreen.storyboard */,
				9B477E0E23561D1800E431F5 /* Info.plist */,
			);
			path = "WatchKitDemo-F19";
			sourceTree = "<group>";
		};
		9B477E1523561D1800E431F5 /* WatchKitDemo-F19 WatchKit App */ = {
			isa = PBXGroup;
			children = (
				9B477E1623561D1800E431F5 /* Interface.storyboard */,
				9B477E1923561D1800E431F5 /* Assets.xcassets */,
				9B477E1B23561D1800E431F5 /* Info.plist */,
			);
			path = "WatchKitDemo-F19 WatchKit App";
			sourceTree = "<group>";
		};
		9B477E2423561D1900E431F5 /* WatchKitDemo-F19 WatchKit Extension */ = {
			isa = PBXGroup;
			children = (
				9B477E2523561D1900E431F5 /* InterfaceController.swift */,
				9B477E2723561D1900E431F5 /* ExtensionDelegate.swift */,
				9B477E2923561D1900E431F5 /* Assets.xcassets */,
				9B477E2B23561D1900E431F5 /* Info.plist */,
				B1A50F202356290E00CB6803 /* Page2Interface.swift */,
			);
			path = "WatchKitDemo-F19 WatchKit Extension";
			sourceTree = "<group>";
		};
/* End PBXGroup section */

/* Begin PBXNativeTarget section */
		9B477DFE23561D1800E431F5 /* WatchKitDemo-F19 */ = {
			isa = PBXNativeTarget;
			buildConfigurationList = 9B477E3623561D1900E431F5 /* Build configuration list for PBXNativeTarget "WatchKitDemo-F19" */;
			buildPhases = (
				9B477DFB23561D1800E431F5 /* Sources */,
				9B477DFC23561D1800E431F5 /* Frameworks */,
				9B477DFD23561D1800E431F5 /* Resources */,
				9B477E3523561D1900E431F5 /* Embed Watch Content */,
			);
			buildRules = (
			);
			dependencies = (
				9B477E1423561D1800E431F5 /* PBXTargetDependency */,
			);
			name = "WatchKitDemo-F19";
			productName = "WatchKitDemo-F19";
			productReference = 9B477DFF23561D1800E431F5 /* WatchKitDemo-F19.app */;
			productType = "com.apple.product-type.application";
		};
		9B477E1023561D1800E431F5 /* WatchKitDemo-F19 WatchKit App */ = {
			isa = PBXNativeTarget;
			buildConfigurationList = 9B477E3223561D1900E431F5 /* Build configuration list for PBXNativeTarget "WatchKitDemo-F19 WatchKit App" */;
			buildPhases = (
				9B477E0F23561D1800E431F5 /* Resources */,
				9B477E3123561D1900E431F5 /* Embed App Extensions */,
			);
			buildRules = (
			);
			dependencies = (
				9B477E2323561D1900E431F5 /* PBXTargetDependency */,
			);
			name = "WatchKitDemo-F19 WatchKit App";
			productName = "WatchKitDemo-F19 WatchKit App";
			productReference = 9B477E1123561D1800E431F5 /* WatchKitDemo-F19 WatchKit App.app */;
			productType = "com.apple.product-type.application.watchapp2";
		};
		9B477E1F23561D1900E431F5 /* WatchKitDemo-F19 WatchKit Extension */ = {
			isa = PBXNativeTarget;
			buildConfigurationList = 9B477E2E23561D1900E431F5 /* Build configuration list for PBXNativeTarget "WatchKitDemo-F19 WatchKit Extension" */;
			buildPhases = (
				9B477E1C23561D1900E431F5 /* Sources */,
				9B477E1D23561D1900E431F5 /* Frameworks */,
				9B477E1E23561D1900E431F5 /* Resources */,
			);
			buildRules = (
			);
			dependencies = (
			);
			name = "WatchKitDemo-F19 WatchKit Extension";
			productName = "WatchKitDemo-F19 WatchKit Extension";
			productReference = 9B477E2023561D1900E431F5 /* WatchKitDemo-F19 WatchKit Extension.appex */;
			productType = "com.apple.product-type.watchkit2-extension";
		};
/* End PBXNativeTarget section */

/* Begin PBXProject section */
		9B477DF723561D1800E431F5 /* Project object */ = {
			isa = PBXProject;
			attributes = {
				LastSwiftUpdateCheck = 1030;
				LastUpgradeCheck = 1030;
				ORGANIZATIONNAME = MacStudent;
				TargetAttributes = {
					9B477DFE23561D1800E431F5 = {
						CreatedOnToolsVersion = 10.3;
					};
					9B477E1023561D1800E431F5 = {
						CreatedOnToolsVersion = 10.3;
					};
					9B477E1F23561D1900E431F5 = {
						CreatedOnToolsVersion = 10.3;
					};
				};
			};
			buildConfigurationList = 9B477DFA23561D1800E431F5 /* Build configuration list for PBXProject "WatchKitDemo-F19" */;
			compatibilityVersion = "Xcode 9.3";
			developmentRegion = en;
			hasScannedForEncodings = 0;
			knownRegions = (
				en,
				Base,
			);
			mainGroup = 9B477DF623561D1800E431F5;
			productRefGroup = 9B477E0023561D1800E431F5 /* Products */;
			projectDirPath = "";
			projectRoot = "";
			targets = (
				9B477DFE23561D1800E431F5 /* WatchKitDemo-F19 */,
				9B477E1023561D1800E431F5 /* WatchKitDemo-F19 WatchKit App */,
				9B477E1F23561D1900E431F5 /* WatchKitDemo-F19 WatchKit Extension */,
			);
		};
/* End PBXProject section */

/* Begin PBXResourcesBuildPhase section */
		9B477DFD23561D1800E431F5 /* Resources */ = {
			isa = PBXResourcesBuildPhase;
			buildActionMask = 2147483647;
			files = (
				9B477E0D23561D1800E431F5 /* LaunchScreen.storyboard in Resources */,
				9B477E0A23561D1800E431F5 /* Assets.xcassets in Resources */,
				9B477E0823561D1800E431F5 /* Main.storyboard in Resources */,
			);
			runOnlyForDeploymentPostprocessing = 0;
		};
		9B477E0F23561D1800E431F5 /* Resources */ = {
			isa = PBXResourcesBuildPhase;
			buildActionMask = 2147483647;
			files = (
				9B477E1A23561D1800E431F5 /* Assets.xcassets in Resources */,
				9B477E1823561D1800E431F5 /* Interface.storyboard in Resources */,
			);
			runOnlyForDeploymentPostprocessing = 0;
		};
		9B477E1E23561D1900E431F5 /* Resources */ = {
			isa = PBXResourcesBuildPhase;
			buildActionMask = 2147483647;
			files = (
				9B477E2A23561D1900E431F5 /* Assets.xcassets in Resources */,
			);
			runOnlyForDeploymentPostprocessing = 0;
		};
/* End PBXResourcesBuildPhase section */

/* Begin PBXSourcesBuildPhase section */
		9B477DFB23561D1800E431F5 /* Sources */ = {
			isa = PBXSourcesBuildPhase;
			buildActionMask = 2147483647;
			files = (
				9B477E0523561D1800E431F5 /* ViewController.swift in Sources */,
				9B477E0323561D1800E431F5 /* AppDelegate.swift in Sources */,
			);
			runOnlyForDeploymentPostprocessing = 0;
		};
		9B477E1C23561D1900E431F5 /* Sources */ = {
			isa = PBXSourcesBuildPhase;
			buildActionMask = 2147483647;
			files = (
				B1A50F212356290E00CB6803 /* Page2Interface.swift in Sources */,
				9B477E2823561D1900E431F5 /* ExtensionDelegate.swift in Sources */,
				9B477E2623561D1900E431F5 /* InterfaceController.swift in Sources */,
			);
			runOnlyForDeploymentPostprocessing = 0;
		};
/* End PBXSourcesBuildPhase section */

/* Begin PBXTargetDependency section */
		9B477E1423561D1800E431F5 /* PBXTargetDependency */ = {
			isa = PBXTargetDependency;
			target = 9B477E1023561D1800E431F5 /* WatchKitDemo-F19 WatchKit App */;
			targetProxy = 9B477E1323561D1800E431F5 /* PBXContainerItemProxy */;
		};
		9B477E2323561D1900E431F5 /* PBXTargetDependency */ = {
			isa = PBXTargetDependency;
			target = 9B477E1F23561D1900E431F5 /* WatchKitDemo-F19 WatchKit Extension */;
			targetProxy = 9B477E2223561D1900E431F5 /* PBXContainerItemProxy */;
		};
/* End PBXTargetDependency section */

/* Begin PBXVariantGroup section */
		9B477E0623561D1800E431F5 /* Main.storyboard */ = {
			isa = PBXVariantGroup;
			children = (
				9B477E0723561D1800E431F5 /* Base */,
			);
			name = Main.storyboard;
			sourceTree = "<group>";
		};
		9B477E0B23561D1800E431F5 /* LaunchScreen.storyboard */ = {
			isa = PBXVariantGroup;
			children = (
				9B477E0C23561D1800E431F5 /* Base */,
			);
			name = LaunchScreen.storyboard;
			sourceTree = "<group>";
		};
		9B477E1623561D1800E431F5 /* Interface.storyboard */ = {
			isa = PBXVariantGroup;
			children = (
				9B477E1723561D1800E431F5 /* Base */,
			);
			name = Interface.storyboard;
			sourceTree = "<group>";
		};
/* End PBXVariantGroup section */

/* Begin XCBuildConfiguration section */
		9B477E2C23561D1900E431F5 /* Debug */ = {
			isa = XCBuildConfiguration;
			buildSettings = {
				ALWAYS_SEARCH_USER_PATHS = NO;
				CLANG_ANALYZER_NONNULL = YES;
				CLANG_ANALYZER_NUMBER_OBJECT_CONVERSION = YES_AGGRESSIVE;
				CLANG_CXX_LANGUAGE_STANDARD = "gnu++14";
				CLANG_CXX_LIBRARY = "libc++";
				CLANG_ENABLE_MODULES = YES;
				CLANG_ENABLE_OBJC_ARC = YES;
				CLANG_ENABLE_OBJC_WEAK = YES;
				CLANG_WARN_BLOCK_CAPTURE_AUTORELEASING = YES;
				CLANG_WARN_BOOL_CONVERSION = YES;
				CLANG_WARN_COMMA = YES;
				CLANG_WARN_CONSTANT_CONVERSION = YES;
				CLANG_WARN_DEPRECATED_OBJC_IMPLEMENTATIONS = YES;
				CLANG_WARN_DIRECT_OBJC_ISA_USAGE = YES_ERROR;
				CLANG_WARN_DOCUMENTATION_COMMENTS = YES;
				CLANG_WARN_EMPTY_BODY = YES;
				CLANG_WARN_ENUM_CONVERSION = YES;
				CLANG_WARN_INFINITE_RECURSION = YES;
				CLANG_WARN_INT_CONVERSION = YES;
				CLANG_WARN_NON_LITERAL_NULL_CONVERSION = YES;
				CLANG_WARN_OBJC_IMPLICIT_RETAIN_SELF = YES;
				CLANG_WARN_OBJC_LITERAL_CONVERSION = YES;
				CLANG_WARN_OBJC_ROOT_CLASS = YES_ERROR;
				CLANG_WARN_RANGE_LOOP_ANALYSIS = YES;
				CLANG_WARN_STRICT_PROTOTYPES = YES;
				CLANG_WARN_SUSPICIOUS_MOVE = YES;
				CLANG_WARN_UNGUARDED_AVAILABILITY = YES_AGGRESSIVE;
				CLANG_WARN_UNREACHABLE_CODE = YES;
				CLANG_WARN__DUPLICATE_METHOD_MATCH = YES;
				CODE_SIGN_IDENTITY = "iPhone Developer";
				COPY_PHASE_STRIP = NO;
				DEBUG_INFORMATION_FORMAT = dwarf;
				ENABLE_STRICT_OBJC_MSGSEND = YES;
				ENABLE_TESTABILITY = YES;
				GCC_C_LANGUAGE_STANDARD = gnu11;
				GCC_DYNAMIC_NO_PIC = NO;
				GCC_NO_COMMON_BLOCKS = YES;
				GCC_OPTIMIZATION_LEVEL = 0;
				GCC_PREPROCESSOR_DEFINITIONS = (
					"DEBUG=1",
					"$(inherited)",
				);
				GCC_WARN_64_TO_32_BIT_CONVERSION = YES;
				GCC_WARN_ABOUT_RETURN_TYPE = YES_ERROR;
				GCC_WARN_UNDECLARED_SELECTOR = YES;
				GCC_WARN_UNINITIALIZED_AUTOS = YES_AGGRESSIVE;
				GCC_WARN_UNUSED_FUNCTION = YES;
				GCC_WARN_UNUSED_VARIABLE = YES;
				IPHONEOS_DEPLOYMENT_TARGET = 12.4;
				MTL_ENABLE_DEBUG_INFO = INCLUDE_SOURCE;
				MTL_FAST_MATH = YES;
				ONLY_ACTIVE_ARCH = YES;
				SDKROOT = iphoneos;
				SWIFT_ACTIVE_COMPILATION_CONDITIONS = DEBUG;
				SWIFT_OPTIMIZATION_LEVEL = "-Onone";
			};
			name = Debug;
		};
		9B477E2D23561D1900E431F5 /* Release */ = {
			isa = XCBuildConfiguration;
			buildSettings = {
				ALWAYS_SEARCH_USER_PATHS = NO;
				CLANG_ANALYZER_NONNULL = YES;
				CLANG_ANALYZER_NUMBER_OBJECT_CONVERSION = YES_AGGRESSIVE;
				CLANG_CXX_LANGUAGE_STANDARD = "gnu++14";
				CLANG_CXX_LIBRARY = "libc++";
				CLANG_ENABLE_MODULES = YES;
				CLANG_ENABLE_OBJC_ARC = YES;
				CLANG_ENABLE_OBJC_WEAK = YES;
				CLANG_WARN_BLOCK_CAPTURE_AUTORELEASING = YES;
				CLANG_WARN_BOOL_CONVERSION = YES;
				CLANG_WARN_COMMA = YES;
				CLANG_WARN_CONSTANT_CONVERSION = YES;
				CLANG_WARN_DEPRECATED_OBJC_IMPLEMENTATIONS = YES;
				CLANG_WARN_DIRECT_OBJC_ISA_USAGE = YES_ERROR;
				CLANG_WARN_DOCUMENTATION_COMMENTS = YES;
				CLANG_WARN_EMPTY_BODY = YES;
				CLANG_WARN_ENUM_CONVERSION = YES;
				CLANG_WARN_INFINITE_RECURSION = YES;
				CLANG_WARN_INT_CONVERSION = YES;
				CLANG_WARN_NON_LITERAL_NULL_CONVERSION = YES;
				CLANG_WARN_OBJC_IMPLICIT_RETAIN_SELF = YES;
				CLANG_WARN_OBJC_LITERAL_CONVERSION = YES;
				CLANG_WARN_OBJC_ROOT_CLASS = YES_ERROR;
				CLANG_WARN_RANGE_LOOP_ANALYSIS = YES;
				CLANG_WARN_STRICT_PROTOTYPES = YES;
				CLANG_WARN_SUSPICIOUS_MOVE = YES;
				CLANG_WARN_UNGUARDED_AVAILABILITY = YES_AGGRESSIVE;
				CLANG_WARN_UNREACHABLE_CODE = YES;
				CLANG_WARN__DUPLICATE_METHOD_MATCH = YES;
				CODE_SIGN_IDENTITY = "iPhone Developer";
				COPY_PHASE_STRIP = NO;
				DEBUG_INFORMATION_FORMAT = "dwarf-with-dsym";
				ENABLE_NS_ASSERTIONS = NO;
				ENABLE_STRICT_OBJC_MSGSEND = YES;
				GCC_C_LANGUAGE_STANDARD = gnu11;
				GCC_NO_COMMON_BLOCKS = YES;
				GCC_WARN_64_TO_32_BIT_CONVERSION = YES;
				GCC_WARN_ABOUT_RETURN_TYPE = YES_ERROR;
				GCC_WARN_UNDECLARED_SELECTOR = YES;
				GCC_WARN_UNINITIALIZED_AUTOS = YES_AGGRESSIVE;
				GCC_WARN_UNUSED_FUNCTION = YES;
				GCC_WARN_UNUSED_VARIABLE = YES;
				IPHONEOS_DEPLOYMENT_TARGET = 12.4;
				MTL_ENABLE_DEBUG_INFO = NO;
				MTL_FAST_MATH = YES;
				SDKROOT = iphoneos;
				SWIFT_COMPILATION_MODE = wholemodule;
				SWIFT_OPTIMIZATION_LEVEL = "-O";
				VALIDATE_PRODUCT = YES;
			};
			name = Release;
		};
		9B477E2F23561D1900E431F5 /* Debug */ = {
			isa = XCBuildConfiguration;
			buildSettings = {
				ASSETCATALOG_COMPILER_COMPLICATION_NAME = Complication;
				CODE_SIGN_STYLE = Automatic;
				INFOPLIST_FILE = "WatchKitDemo-F19 WatchKit Extension/Info.plist";
				LD_RUNPATH_SEARCH_PATHS = (
					"$(inherited)",
					"@executable_path/Frameworks",
					"@executable_path/../../Frameworks",
				);
				PRODUCT_BUNDLE_IDENTIFIER = "paste.WatchKitDemo-F19.watchkitapp.watchkitextension";
				PRODUCT_NAME = "${TARGET_NAME}";
				SDKROOT = watchos;
				SKIP_INSTALL = YES;
				SWIFT_VERSION = 5.0;
				TARGETED_DEVICE_FAMILY = 4;
				WATCHOS_DEPLOYMENT_TARGET = 5.3;
			};
			name = Debug;
		};
		9B477E3023561D1900E431F5 /* Release */ = {
			isa = XCBuildConfiguration;
			buildSettings = {
				ASSETCATALOG_COMPILER_COMPLICATION_NAME = Complication;
				CODE_SIGN_STYLE = Automatic;
				INFOPLIST_FILE = "WatchKitDemo-F19 WatchKit Extension/Info.plist";
				LD_RUNPATH_SEARCH_PATHS = (
					"$(inherited)",
					"@executable_path/Frameworks",
					"@executable_path/../../Frameworks",
				);
				PRODUCT_BUNDLE_IDENTIFIER = "paste.WatchKitDemo-F19.watchkitapp.watchkitextension";
				PRODUCT_NAME = "${TARGET_NAME}";
				SDKROOT = watchos;
				SKIP_INSTALL = YES;
				SWIFT_VERSION = 5.0;
				TARGETED_DEVICE_FAMILY = 4;
				WATCHOS_DEPLOYMENT_TARGET = 5.3;
			};
			name = Release;
		};
		9B477E3323561D1900E431F5 /* Debug */ = {
			isa = XCBuildConfiguration;
			buildSettings = {
				ALWAYS_EMBED_SWIFT_STANDARD_LIBRARIES = YES;
				ASSETCATALOG_COMPILER_APPICON_NAME = AppIcon;
				CODE_SIGN_STYLE = Automatic;
				IBSC_MODULE = WatchKitDemo_F19_WatchKit_Extension;
				INFOPLIST_FILE = "WatchKitDemo-F19 WatchKit App/Info.plist";
				PRODUCT_BUNDLE_IDENTIFIER = "paste.WatchKitDemo-F19.watchkitapp";
				PRODUCT_NAME = "$(TARGET_NAME)";
				SDKROOT = watchos;
				SKIP_INSTALL = YES;
				SWIFT_VERSION = 5.0;
				TARGETED_DEVICE_FAMILY = 4;
				WATCHOS_DEPLOYMENT_TARGET = 5.3;
			};
			name = Debug;
		};
		9B477E3423561D1900E431F5 /* Release */ = {
			isa = XCBuildConfiguration;
			buildSettings = {
				ALWAYS_EMBED_SWIFT_STANDARD_LIBRARIES = YES;
				ASSETCATALOG_COMPILER_APPICON_NAME = AppIcon;
				CODE_SIGN_STYLE = Automatic;
				IBSC_MODULE = WatchKitDemo_F19_WatchKit_Extension;
				INFOPLIST_FILE = "WatchKitDemo-F19 WatchKit App/Info.plist";
				PRODUCT_BUNDLE_IDENTIFIER = "paste.WatchKitDemo-F19.watchkitapp";
				PRODUCT_NAME = "$(TARGET_NAME)";
				SDKROOT = watchos;
				SKIP_INSTALL = YES;
				SWIFT_VERSION = 5.0;
				TARGETED_DEVICE_FAMILY = 4;
				WATCHOS_DEPLOYMENT_TARGET = 5.3;
			};
			name = Release;
		};
		9B477E3723561D1900E431F5 /* Debug */ = {
			isa = XCBuildConfiguration;
			buildSettings = {
				ASSETCATALOG_COMPILER_APPICON_NAME = AppIcon;
				CODE_SIGN_STYLE = Automatic;
				INFOPLIST_FILE = "WatchKitDemo-F19/Info.plist";
				LD_RUNPATH_SEARCH_PATHS = (
					"$(inherited)",
					"@executable_path/Frameworks",
				);
				PRODUCT_BUNDLE_IDENTIFIER = "paste.WatchKitDemo-F19";
				PRODUCT_NAME = "$(TARGET_NAME)";
				SWIFT_VERSION = 5.0;
				TARGETED_DEVICE_FAMILY = "1,2";
			};
			name = Debug;
		};
		9B477E3823561D1900E431F5 /* Release */ = {
			isa = XCBuildConfiguration;
			buildSettings = {
				ASSETCATALOG_COMPILER_APPICON_NAME = AppIcon;
				CODE_SIGN_STYLE = Automatic;
				INFOPLIST_FILE = "WatchKitDemo-F19/Info.plist";
				LD_RUNPATH_SEARCH_PATHS = (
					"$(inherited)",
					"@executable_path/Frameworks",
				);
				PRODUCT_BUNDLE_IDENTIFIER = "paste.WatchKitDemo-F19";
				PRODUCT_NAME = "$(TARGET_NAME)";
				SWIFT_VERSION = 5.0;
				TARGETED_DEVICE_FAMILY = "1,2";
			};
			name = Release;
		};
/* End XCBuildConfiguration section */

/* Begin XCConfigurationList section */
		9B477DFA23561D1800E431F5 /* Build configuration list for PBXProject "WatchKitDemo-F19" */ = {
			isa = XCConfigurationList;
			buildConfigurations = (
				9B477E2C23561D1900E431F5 /* Debug */,
				9B477E2D23561D1900E431F5 /* Release */,
			);
			defaultConfigurationIsVisible = 0;
			defaultConfigurationName = Release;
		};
		9B477E2E23561D1900E431F5 /* Build configuration list for PBXNativeTarget "WatchKitDemo-F19 WatchKit Extension" */ = {
			isa = XCConfigurationList;
			buildConfigurations = (
				9B477E2F23561D1900E431F5 /* Debug */,
				9B477E3023561D1900E431F5 /* Release */,
			);
			defaultConfigurationIsVisible = 0;
			defaultConfigurationName = Release;
		};
		9B477E3223561D1900E431F5 /* Build configuration list for PBXNativeTarget "WatchKitDemo-F19 WatchKit App" */ = {
			isa = XCConfigurationList;
			buildConfigurations = (
				9B477E3323561D1900E431F5 /* Debug */,
				9B477E3423561D1900E431F5 /* Release */,
			);
			defaultConfigurationIsVisible = 0;
			defaultConfigurationName = Release;
		};
		9B477E3623561D1900E431F5 /* Build configuration list for PBXNativeTarget "WatchKitDemo-F19" */ = {
			isa = XCConfigurationList;
			buildConfigurations = (
				9B477E3723561D1900E431F5 /* Debug */,
				9B477E3823561D1900E431F5 /* Release */,
			);
			defaultConfigurationIsVisible = 0;
			defaultConfigurationName = Release;
		};
/* End XCConfigurationList section */
	};
	rootObject = 9B477DF723561D1800E431F5 /* Project object */;
}
